
Microsoft Visual Studio Solution File, Format Version 12.00
# Visual Studio Version 17
VisualStudioVersion = 17.0.32126.317
MinimumVisualStudioVersion = 10.0.40219.1
Project("{FAE04EC0-301F-11D3-BF4B-00C04F79EFBC}") = "Appdolartime", "Appdolartime\Appdolartime.csproj", "{2BD6F85F-7370-4BE7-9546-E844BD7DC9C9}"
EndProject
Global
	GlobalSection(SolutionConfigurationPlatforms) = preSolution
		Debug|Any CPU = Debug|Any CPU
		Release|Any CPU = Release|Any CPU
	EndGlobalSection
	GlobalSection(ProjectConfigurationPlatforms) = postSolution
		{2BD6F85F-7370-4BE7-9546-E844BD7DC9C9}.Debug|Any CPU.ActiveCfg = Debug|Any CPU
		{2BD6F85F-7370-4BE7-9546-E844BD7DC9C9}.Debug|Any CPU.Build.0 = Debug|Any CPU
		{2BD6F85F-7370-4BE7-9546-E844BD7DC9C9}.Release|Any CPU.ActiveCfg = Release|Any CPU
		{2BD6F85F-7370-4BE7-9546-E844BD7DC9C9}.Release|Any CPU.Build.0 = Release|Any CPU
	EndGlobalSection
	GlobalSection(SolutionProperties) = preSolution
		HideSolutionNode = FALSE
	EndGlobalSection
	GlobalSection(ExtensibilityGlobals) = postSolution
		SolutionGuid = {AE43939C-0548-43D8-875B-CA57EC3BFB20}
	EndGlobalSection
EndGlobal
